<Solution>
  <Folder Name="/src/">
    <Project Path="src/LeadBridgeMeta.Api/LeadBridgeMeta.Api.csproj" />
    <Project Path="src/LeadBridgeMeta.Application/LeadBridgeMeta.Application.csproj" />
    <Project Path="src/LeadBridgeMeta.Domain/LeadBridgeMeta.Domain.csproj" />
    <Project Path="src/LeadBridgeMeta.Infrastructure/LeadBridgeMeta.Infrastructure.csproj" />
  </Folder>
</Solution>
